lockfileVersion: '9.0'

settings:
  autoInstallPeers: true
  excludeLinksFromLockfile: false

importers:

  .:
    dependencies:
      dotenv:
        specifier: ^17.2.0
        version: 17.2.0
      node-cron:
        specifier: ^4.2.1
        version: 4.2.1
      redis:
        specifier: ^5.6.0
        version: 5.6.0

packages:

  '@redis/bloom@5.6.0':
    resolution: {integrity: sha512-l13/d6BaZDJzogzZJEphIeZ8J0hpQpjkMiozomTm6nJiMNYkoPsNOBOOQua4QsG0fFjyPmLMDJFPAp5FBQtTXg==}
    engines: {node: '>= 18'}
    peerDependencies:
      '@redis/client': ^5.6.0

  '@redis/client@5.6.0':
    resolution: {integrity: sha512-wmP9kCFElCSr4MM4+1E4VckDuN4wLtiXSM/J0rKVQppajxQhowci89RGZr2OdLualowb8SRJ/R6OjsXrn9ZNFA==}
    engines: {node: '>= 18'}

  '@redis/json@5.6.0':
    resolution: {integrity: sha512-YQN9ZqaSDpdLfJqwzcF4WeuJMGru/h4WsV7GeeNtXsSeyQjHTyDxrd48xXfRRJGv7HitA7zGnzdHplNeKOgrZA==}
    engines: {node: '>= 18'}
    peerDependencies:
      '@redis/client': ^5.6.0

  '@redis/search@5.6.0':
    resolution: {integrity: sha512-sLgQl92EyMVNHtri5K8Q0j2xt9c0cO9HYurXz667Un4xeUYR+B/Dw5lLG35yqO7VvVxb9amHJo9sAWumkKZYwA==}
    engines: {node: '>= 18'}
    peerDependencies:
      '@redis/client': ^5.6.0

  '@redis/time-series@5.6.0':
    resolution: {integrity: sha512-tXABmN1vu4aTNL3WI4Iolpvx/5jgil2Bs31ozvKblT+jkUoRkk8ykmYo9Pv/Mp7Gk6/Qkr/2rMgVminrt/4BBQ==}
    engines: {node: '>= 18'}
    peerDependencies:
      '@redis/client': ^5.6.0

  cluster-key-slot@1.1.2:
    resolution: {integrity: sha512-RMr0FhtfXemyinomL4hrWcYJxmX6deFdCxpJzhDttxgO1+bcCnkk+9drydLVDmAMG7NE6aN/fl4F7ucU/90gAA==}
    engines: {node: '>=0.10.0'}

  dotenv@17.2.0:
    resolution: {integrity: sha512-Q4sgBT60gzd0BB0lSyYD3xM4YxrXA9y4uBDof1JNYGzOXrQdQ6yX+7XIAqoFOGQFOTK1D3Hts5OllpxMDZFONQ==}
    engines: {node: '>=12'}

  node-cron@4.2.1:
    resolution: {integrity: sha512-lgimEHPE/QDgFlywTd8yTR61ptugX3Qer29efeyWw2rv259HtGBNn1vZVmp8lB9uo9wC0t/AT4iGqXxia+CJFg==}
    engines: {node: '>=6.0.0'}

  redis@5.6.0:
    resolution: {integrity: sha512-0x3pM3SlYA5azdNwO8qgfMBzoOqSqr9M+sd1hojbcn0ZDM5zsmKeMM+zpTp6LIY+mbQomIc/RTTQKuBzr8QKzQ==}
    engines: {node: '>= 18'}

snapshots:

  '@redis/bloom@5.6.0(@redis/client@5.6.0)':
    dependencies:
      '@redis/client': 5.6.0

  '@redis/client@5.6.0':
    dependencies:
      cluster-key-slot: 1.1.2

  '@redis/json@5.6.0(@redis/client@5.6.0)':
    dependencies:
      '@redis/client': 5.6.0

  '@redis/search@5.6.0(@redis/client@5.6.0)':
    dependencies:
      '@redis/client': 5.6.0

  '@redis/time-series@5.6.0(@redis/client@5.6.0)':
    dependencies:
      '@redis/client': 5.6.0

  cluster-key-slot@1.1.2: {}

  dotenv@17.2.0: {}

  node-cron@4.2.1: {}

  redis@5.6.0:
    dependencies:
      '@redis/bloom': 5.6.0(@redis/client@5.6.0)
      '@redis/client': 5.6.0
      '@redis/json': 5.6.0(@redis/client@5.6.0)
      '@redis/search': 5.6.0(@redis/client@5.6.0)
      '@redis/time-series': 5.6.0(@redis/client@5.6.0)
